
Microsoft Visual Studio Solution File, Format Version 12.00
# Visual Studio Version 17
VisualStudioVersion = 17.3.32901.215
MinimumVisualStudioVersion = 10.0.40219.1
Project("{FAE04EC0-301F-11D3-BF4B-00C04F79EFBC}") = "DandelionAPI", "DandelionAPI.csproj", "{CE5EAF6A-5810-4076-A0C8-B86AC55EEAC1}"
EndProject
Global
	GlobalSection(SolutionConfigurationPlatforms) = preSolution
		Debug|Any CPU = Debug|Any CPU
		Release|Any CPU = Release|Any CPU
	EndGlobalSection
	GlobalSection(ProjectConfigurationPlatforms) = postSolution
		{CE5EAF6A-5810-4076-A0C8-B86AC55EEAC1}.Debug|Any CPU.ActiveCfg = Debug|Any CPU
		{CE5EAF6A-5810-4076-A0C8-B86AC55EEAC1}.Debug|Any CPU.Build.0 = Debug|Any CPU
		{CE5EAF6A-5810-4076-A0C8-B86AC55EEAC1}.Release|Any CPU.ActiveCfg = Release|Any CPU
		{CE5EAF6A-5810-4076-A0C8-B86AC55EEAC1}.Release|Any CPU.Build.0 = Release|Any CPU
	EndGlobalSection
	GlobalSection(SolutionProperties) = preSolution
		HideSolutionNode = FALSE
	EndGlobalSection
	GlobalSection(ExtensibilityGlobals) = postSolution
		SolutionGuid = {CDF812D4-242E-4ECA-AFE0-8FCD5443475F}
	EndGlobalSection
EndGlobal
